
Microsoft Visual Studio Solution File, Format Version 12.00
# Visual Studio Version 17
VisualStudioVersion = 17.10.35201.131
MinimumVisualStudioVersion = 10.0.40219.1
Project("{9A19103F-16F7-4668-BE54-9A1E7A4F7556}") = "RazorCLient", "RazorCLient\RazorCLient.csproj", "{AC114B3A-5E5E-4ECC-BFC7-063E8C7322B8}"
EndProject
Global
	GlobalSection(SolutionConfigurationPlatforms) = preSolution
		Debug|Any CPU = Debug|Any CPU
		Release|Any CPU = Release|Any CPU
	EndGlobalSection
	GlobalSection(ProjectConfigurationPlatforms) = postSolution
		{AC114B3A-5E5E-4ECC-BFC7-063E8C7322B8}.Debug|Any CPU.ActiveCfg = Debug|Any CPU
		{AC114B3A-5E5E-4ECC-BFC7-063E8C7322B8}.Debug|Any CPU.Build.0 = Debug|Any CPU
		{AC114B3A-5E5E-4ECC-BFC7-063E8C7322B8}.Release|Any CPU.ActiveCfg = Release|Any CPU
		{AC114B3A-5E5E-4ECC-BFC7-063E8C7322B8}.Release|Any CPU.Build.0 = Release|Any CPU
	EndGlobalSection
	GlobalSection(SolutionProperties) = preSolution
		HideSolutionNode = FALSE
	EndGlobalSection
	GlobalSection(ExtensibilityGlobals) = postSolution
		SolutionGuid = {487B7B73-DEC4-413F-BF1A-2644F3C02B7A}
	EndGlobalSection
EndGlobal
